
Microsoft Visual Studio Solution File, Format Version 12.00
# Visual Studio Version 17
VisualStudioVersion = 17.3.32825.248
MinimumVisualStudioVersion = 10.0.40219.1
Project("{9A19103F-16F7-4668-BE54-9A1E7A4F7556}") = "MuscleGain", "MuscleGain\MuscleGain.csproj", "{F4993ADB-E1EA-4578-8C4B-05715B783AF6}"
EndProject
Project("{9A19103F-16F7-4668-BE54-9A1E7A4F7556}") = "MuscleGain.Core", "MuscleGain.Core\MuscleGain.Core.csproj", "{9F7ED30B-5D8E-45A1-8582-488D96BA7D6B}"
EndProject
Project("{9A19103F-16F7-4668-BE54-9A1E7A4F7556}") = "MuscleGain.Infrastructure", "MuscleGain.Infrastructure\MuscleGain.Infrastructure.csproj", "{44DDB963-3562-4C8D-89F2-CA750B6DDECB}"
EndProject
Project("{9A19103F-16F7-4668-BE54-9A1E7A4F7556}") = "MuscleGain.WebApi", "MuscleGain.WebApi\MuscleGain.WebApi.csproj", "{A6BC1068-CBE0-486F-A22A-B23C99FF4CE9}"
EndProject
Project("{FAE04EC0-301F-11D3-BF4B-00C04F79EFBC}") = "MuscleGain.Tests", "MuscleGain.Tests\MuscleGain.Tests.csproj", "{8C99617E-A932-49BF-A99D-8B76DBE8CC20}"
EndProject
Global
	GlobalSection(SolutionConfigurationPlatforms) = preSolution
		Debug|Any CPU = Debug|Any CPU
		Release|Any CPU = Release|Any CPU
	EndGlobalSection
	GlobalSection(ProjectConfigurationPlatforms) = postSolution
		{F4993ADB-E1EA-4578-8C4B-05715B783AF6}.Debug|Any CPU.ActiveCfg = Debug|Any CPU
		{F4993ADB-E1EA-4578-8C4B-05715B783AF6}.Debug|Any CPU.Build.0 = Debug|Any CPU
		{F4993ADB-E1EA-4578-8C4B-05715B783AF6}.Release|Any CPU.ActiveCfg = Release|Any CPU
		{F4993ADB-E1EA-4578-8C4B-05715B783AF6}.Release|Any CPU.Build.0 = Release|Any CPU
		{9F7ED30B-5D8E-45A1-8582-488D96BA7D6B}.Debug|Any CPU.ActiveCfg = Debug|Any CPU
		{9F7ED30B-5D8E-45A1-8582-488D96BA7D6B}.Debug|Any CPU.Build.0 = Debug|Any CPU
		{9F7ED30B-5D8E-45A1-8582-488D96BA7D6B}.Release|Any CPU.ActiveCfg = Release|Any CPU
		{9F7ED30B-5D8E-45A1-8582-488D96BA7D6B}.Release|Any CPU.Build.0 = Release|Any CPU
		{44DDB963-3562-4C8D-89F2-CA750B6DDECB}.Debug|Any CPU.ActiveCfg = Debug|Any CPU
		{44DDB963-3562-4C8D-89F2-CA750B6DDECB}.Debug|Any CPU.Build.0 = Debug|Any CPU
		{44DDB963-3562-4C8D-89F2-CA750B6DDECB}.Release|Any CPU.ActiveCfg = Release|Any CPU
		{44DDB963-3562-4C8D-89F2-CA750B6DDECB}.Release|Any CPU.Build.0 = Release|Any CPU
		{A6BC1068-CBE0-486F-A22A-B23C99FF4CE9}.Debug|Any CPU.ActiveCfg = Debug|Any CPU
		{A6BC1068-CBE0-486F-A22A-B23C99FF4CE9}.Debug|Any CPU.Build.0 = Debug|Any CPU
		{A6BC1068-CBE0-486F-A22A-B23C99FF4CE9}.Release|Any CPU.ActiveCfg = Release|Any CPU
		{A6BC1068-CBE0-486F-A22A-B23C99FF4CE9}.Release|Any CPU.Build.0 = Release|Any CPU
		{8C99617E-A932-49BF-A99D-8B76DBE8CC20}.Debug|Any CPU.ActiveCfg = Debug|Any CPU
		{8C99617E-A932-49BF-A99D-8B76DBE8CC20}.Debug|Any CPU.Build.0 = Debug|Any CPU
		{8C99617E-A932-49BF-A99D-8B76DBE8CC20}.Release|Any CPU.ActiveCfg = Release|Any CPU
		{8C99617E-A932-49BF-A99D-8B76DBE8CC20}.Release|Any CPU.Build.0 = Release|Any CPU
	EndGlobalSection
	GlobalSection(SolutionProperties) = preSolution
		HideSolutionNode = FALSE
	EndGlobalSection
	GlobalSection(ExtensibilityGlobals) = postSolution
		SolutionGuid = {7E922925-81AB-4B66-919C-75D82917F6FB}
	EndGlobalSection
EndGlobal
